
Microsoft Visual Studio Solution File, Format Version 12.00
# Visual Studio 2013
VisualStudioVersion = 12.0.31101.0
MinimumVisualStudioVersion = 10.0.40219.1
Project("{FAE04EC0-301F-11D3-BF4B-00C04F79EFBC}") = "01.StringBuilderExtensions", "01.StringBuilderExt\01.StringBuilderExtensions.csproj", "{483F6E6B-D22D-4902-B18A-68CEB24F457E}"
EndProject
Project("{FAE04EC0-301F-11D3-BF4B-00C04F79EFBC}") = "02.IEnumerableExtensions", "02.IEnumerableExtensions\02.IEnumerableExtensions.csproj", "{BD920FE0-3171-4186-9E05-DCECE925EA88}"
EndProject
Project("{FAE04EC0-301F-11D3-BF4B-00C04F79EFBC}") = "3,4,5,9-16,18,19. Students", "3,4,5,9-16,18,19. Students\3,4,5,9-16,18,19. Students.csproj", "{1570353D-B89C-4A9C-A1AA-F06435AF7938}"
EndProject
Project("{FAE04EC0-301F-11D3-BF4B-00C04F79EFBC}") = "06.DivisableBy7and3", "06.DivisableBy7and3\06.DivisableBy7and3.csproj", "{07F848A7-03BF-4F80-A5A4-12DD0718A5C9}"
EndProject
Project("{FAE04EC0-301F-11D3-BF4B-00C04F79EFBC}") = "07.Timer", "07.Timer\07.Timer.csproj", "{24FD7D94-3C16-4FF8-B676-02F234FF577C}"
EndProject
Project("{FAE04EC0-301F-11D3-BF4B-00C04F79EFBC}") = "08.Events", "08.Events\08.Events.csproj", "{8B314AA8-DC51-4F88-B424-9CAB05064E5D}"
EndProject
Project("{FAE04EC0-301F-11D3-BF4B-00C04F79EFBC}") = "20.InfiniteConvergetSeries", "20.InfiniteConvergetSeries\20.InfiniteConvergetSeries.csproj", "{C0B479B0-9E2A-41EE-AE27-2A518DB685CB}"
EndProject
Project("{FAE04EC0-301F-11D3-BF4B-00C04F79EFBC}") = "17.LongestString", "17.LongestString\17.LongestString.csproj", "{70250FE2-B3E3-4A16-B308-F3459558530B}"
EndProject
Global
	GlobalSection(SolutionConfigurationPlatforms) = preSolution
		Debug|Any CPU = Debug|Any CPU
		Release|Any CPU = Release|Any CPU
	EndGlobalSection
	GlobalSection(ProjectConfigurationPlatforms) = postSolution
		{483F6E6B-D22D-4902-B18A-68CEB24F457E}.Debug|Any CPU.ActiveCfg = Debug|Any CPU
		{483F6E6B-D22D-4902-B18A-68CEB24F457E}.Debug|Any CPU.Build.0 = Debug|Any CPU
		{483F6E6B-D22D-4902-B18A-68CEB24F457E}.Release|Any CPU.ActiveCfg = Release|Any CPU
		{483F6E6B-D22D-4902-B18A-68CEB24F457E}.Release|Any CPU.Build.0 = Release|Any CPU
		{BD920FE0-3171-4186-9E05-DCECE925EA88}.Debug|Any CPU.ActiveCfg = Debug|Any CPU
		{BD920FE0-3171-4186-9E05-DCECE925EA88}.Debug|Any CPU.Build.0 = Debug|Any CPU
		{BD920FE0-3171-4186-9E05-DCECE925EA88}.Release|Any CPU.ActiveCfg = Release|Any CPU
		{BD920FE0-3171-4186-9E05-DCECE925EA88}.Release|Any CPU.Build.0 = Release|Any CPU
		{1570353D-B89C-4A9C-A1AA-F06435AF7938}.Debug|Any CPU.ActiveCfg = Debug|Any CPU
		{1570353D-B89C-4A9C-A1AA-F06435AF7938}.Debug|Any CPU.Build.0 = Debug|Any CPU
		{1570353D-B89C-4A9C-A1AA-F06435AF7938}.Release|Any CPU.ActiveCfg = Release|Any CPU
		{1570353D-B89C-4A9C-A1AA-F06435AF7938}.Release|Any CPU.Build.0 = Release|Any CPU
		{07F848A7-03BF-4F80-A5A4-12DD0718A5C9}.Debug|Any CPU.ActiveCfg = Debug|Any CPU
		{07F848A7-03BF-4F80-A5A4-12DD0718A5C9}.Debug|Any CPU.Build.0 = Debug|Any CPU
		{07F848A7-03BF-4F80-A5A4-12DD0718A5C9}.Release|Any CPU.ActiveCfg = Release|Any CPU
		{07F848A7-03BF-4F80-A5A4-12DD0718A5C9}.Release|Any CPU.Build.0 = Release|Any CPU
		{24FD7D94-3C16-4FF8-B676-02F234FF577C}.Debug|Any CPU.ActiveCfg = Debug|Any CPU
		{24FD7D94-3C16-4FF8-B676-02F234FF577C}.Debug|Any CPU.Build.0 = Debug|Any CPU
		{24FD7D94-3C16-4FF8-B676-02F234FF577C}.Release|Any CPU.ActiveCfg = Release|Any CPU
		{24FD7D94-3C16-4FF8-B676-02F234FF577C}.Release|Any CPU.Build.0 = Release|Any CPU
		{8B314AA8-DC51-4F88-B424-9CAB05064E5D}.Debug|Any CPU.ActiveCfg = Debug|Any CPU
		{8B314AA8-DC51-4F88-B424-9CAB05064E5D}.Debug|Any CPU.Build.0 = Debug|Any CPU
		{8B314AA8-DC51-4F88-B424-9CAB05064E5D}.Release|Any CPU.ActiveCfg = Release|Any CPU
		{8B314AA8-DC51-4F88-B424-9CAB05064E5D}.Release|Any CPU.Build.0 = Release|Any CPU
		{C0B479B0-9E2A-41EE-AE27-2A518DB685CB}.Debug|Any CPU.ActiveCfg = Debug|Any CPU
		{C0B479B0-9E2A-41EE-AE27-2A518DB685CB}.Debug|Any CPU.Build.0 = Debug|Any CPU
		{C0B479B0-9E2A-41EE-AE27-2A518DB685CB}.Release|Any CPU.ActiveCfg = Release|Any CPU
		{C0B479B0-9E2A-41EE-AE27-2A518DB685CB}.Release|Any CPU.Build.0 = Release|Any CPU
		{70250FE2-B3E3-4A16-B308-F3459558530B}.Debug|Any CPU.ActiveCfg = Debug|Any CPU
		{70250FE2-B3E3-4A16-B308-F3459558530B}.Debug|Any CPU.Build.0 = Debug|Any CPU
		{70250FE2-B3E3-4A16-B308-F3459558530B}.Release|Any CPU.ActiveCfg = Release|Any CPU
		{70250FE2-B3E3-4A16-B308-F3459558530B}.Release|Any CPU.Build.0 = Release|Any CPU
	EndGlobalSection
	GlobalSection(SolutionProperties) = preSolution
		HideSolutionNode = FALSE
	EndGlobalSection
EndGlobal
