
Microsoft Visual Studio Solution File, Format Version 12.00
# Visual Studio 2013
VisualStudioVersion = 12.0.31101.0
MinimumVisualStudioVersion = 10.0.40219.1
Project("{FAE04EC0-301F-11D3-BF4B-00C04F79EFBC}") = "GenericMemento", "GenericMemento\GenericMemento.csproj", "{472D51B2-5393-4AC6-A831-414925D2ACD9}"
EndProject
Project("{FAE04EC0-301F-11D3-BF4B-00C04F79EFBC}") = "Strategy", "Strategy\Strategy.csproj", "{DEF19152-D1B5-4E05-9164-C574EF2E07EB}"
EndProject
Project("{FAE04EC0-301F-11D3-BF4B-00C04F79EFBC}") = "Iterator", "Iterator\Iterator.csproj", "{B113B86E-560D-4178-9703-22743F264C3E}"
EndProject
Project("{FAE04EC0-301F-11D3-BF4B-00C04F79EFBC}") = "TemplateMethod", "TemplateMethod\TemplateMethod.csproj", "{BA2669FA-89F4-47A6-8302-3470B8B484D8}"
EndProject
Global
	GlobalSection(SolutionConfigurationPlatforms) = preSolution
		Debug|Any CPU = Debug|Any CPU
		Release|Any CPU = Release|Any CPU
	EndGlobalSection
	GlobalSection(ProjectConfigurationPlatforms) = postSolution
		{472D51B2-5393-4AC6-A831-414925D2ACD9}.Debug|Any CPU.ActiveCfg = Debug|Any CPU
		{472D51B2-5393-4AC6-A831-414925D2ACD9}.Debug|Any CPU.Build.0 = Debug|Any CPU
		{472D51B2-5393-4AC6-A831-414925D2ACD9}.Release|Any CPU.ActiveCfg = Release|Any CPU
		{472D51B2-5393-4AC6-A831-414925D2ACD9}.Release|Any CPU.Build.0 = Release|Any CPU
		{DEF19152-D1B5-4E05-9164-C574EF2E07EB}.Debug|Any CPU.ActiveCfg = Debug|Any CPU
		{DEF19152-D1B5-4E05-9164-C574EF2E07EB}.Debug|Any CPU.Build.0 = Debug|Any CPU
		{DEF19152-D1B5-4E05-9164-C574EF2E07EB}.Release|Any CPU.ActiveCfg = Release|Any CPU
		{DEF19152-D1B5-4E05-9164-C574EF2E07EB}.Release|Any CPU.Build.0 = Release|Any CPU
		{B113B86E-560D-4178-9703-22743F264C3E}.Debug|Any CPU.ActiveCfg = Debug|Any CPU
		{B113B86E-560D-4178-9703-22743F264C3E}.Debug|Any CPU.Build.0 = Debug|Any CPU
		{B113B86E-560D-4178-9703-22743F264C3E}.Release|Any CPU.ActiveCfg = Release|Any CPU
		{B113B86E-560D-4178-9703-22743F264C3E}.Release|Any CPU.Build.0 = Release|Any CPU
		{BA2669FA-89F4-47A6-8302-3470B8B484D8}.Debug|Any CPU.ActiveCfg = Debug|Any CPU
		{BA2669FA-89F4-47A6-8302-3470B8B484D8}.Debug|Any CPU.Build.0 = Debug|Any CPU
		{BA2669FA-89F4-47A6-8302-3470B8B484D8}.Release|Any CPU.ActiveCfg = Release|Any CPU
		{BA2669FA-89F4-47A6-8302-3470B8B484D8}.Release|Any CPU.Build.0 = Release|Any CPU
	EndGlobalSection
	GlobalSection(SolutionProperties) = preSolution
		HideSolutionNode = FALSE
	EndGlobalSection
EndGlobal
